// !$*UTF8*$!
{
	archiveVersion = 1;
	classes = {
	};
	objectVersion = 55;
	objects = {

/* Begin PBXBuildFile section */
		DB3ADC3D28CE7E6800CFEC78 /* TabViewBar.swift in Sources */ = {isa = PBXBuildFile; fileRef = DB3ADC3C28CE7E6800CFEC78 /* TabViewBar.swift */; };
		DB3ADC3F28CE8DB600CFEC78 /* TabScreen.swift in Sources */ = {isa = PBXBuildFile; fileRef = DB3ADC3E28CE8DB600CFEC78 /* TabScreen.swift */; };
		DB3ADC4228CE91FC00CFEC78 /* ProfileTabScreen.swift in Sources */ = {isa = PBXBuildFile; fileRef = DB3ADC4128CE91FC00CFEC78 /* ProfileTabScreen.swift */; };
		DB3ADC4428CE96A200CFEC78 /* TabView.swift in Sources */ = {isa = PBXBuildFile; fileRef = DB3ADC4328CE96A200CFEC78 /* TabView.swift */; };
		DB3ADC4728CE9BF200CFEC78 /* EditProfileImage.swift in Sources */ = {isa = PBXBuildFile; fileRef = DB3ADC4628CE9BF200CFEC78 /* EditProfileImage.swift */; };
		DB3ADC4A28CEDB8B00CFEC78 /* EditProfileScreen.swift in Sources */ = {isa = PBXBuildFile; fileRef = DB3ADC4928CEDB8B00CFEC78 /* EditProfileScreen.swift */; };
		DB3ADC7D28D0204600CFEC78 /* HomeScreen.swift in Sources */ = {isa = PBXBuildFile; fileRef = DB3ADC7C28D0204600CFEC78 /* HomeScreen.swift */; };
		DB3ADC8028D0263500CFEC78 /* CategoryCell.swift in Sources */ = {isa = PBXBuildFile; fileRef = DB3ADC7F28D0263500CFEC78 /* CategoryCell.swift */; };
		DB3ADC8228D02FB700CFEC78 /* ProductCell.swift in Sources */ = {isa = PBXBuildFile; fileRef = DB3ADC8128D02FB700CFEC78 /* ProductCell.swift */; };
		DB3ADC8528D26B0500CFEC78 /* ProductDetailScreen.swift in Sources */ = {isa = PBXBuildFile; fileRef = DB3ADC8428D26B0500CFEC78 /* ProductDetailScreen.swift */; };
		DB51F8D828C7AE3B002D6A35 /* LionStoreApp.swift in Sources */ = {isa = PBXBuildFile; fileRef = DB51F8D728C7AE3B002D6A35 /* LionStoreApp.swift */; };
		DB51F8DC28C7AE3B002D6A35 /* Assets.xcassets in Resources */ = {isa = PBXBuildFile; fileRef = DB51F8DB28C7AE3B002D6A35 /* Assets.xcassets */; };
		DB51F8DF28C7AE3B002D6A35 /* Preview Assets.xcassets in Resources */ = {isa = PBXBuildFile; fileRef = DB51F8DE28C7AE3B002D6A35 /* Preview Assets.xcassets */; };
		DB51F8E928C7AE3B002D6A35 /* LionStoreTests.swift in Sources */ = {isa = PBXBuildFile; fileRef = DB51F8E828C7AE3B002D6A35 /* LionStoreTests.swift */; };
		DB51F8F328C7AE3B002D6A35 /* LionStoreUITests.swift in Sources */ = {isa = PBXBuildFile; fileRef = DB51F8F228C7AE3B002D6A35 /* LionStoreUITests.swift */; };
		DB51F8F528C7AE3B002D6A35 /* LionStoreUITestsLaunchTests.swift in Sources */ = {isa = PBXBuildFile; fileRef = DB51F8F428C7AE3B002D6A35 /* LionStoreUITestsLaunchTests.swift */; };
		DB51F90428C7D857002D6A35 /* OnboardingScreen.swift in Sources */ = {isa = PBXBuildFile; fileRef = DB51F90328C7D857002D6A35 /* OnboardingScreen.swift */; };
		DB51F90A28C81EA2002D6A35 /* OnboardingTitle.swift in Sources */ = {isa = PBXBuildFile; fileRef = DB51F90928C81EA2002D6A35 /* OnboardingTitle.swift */; };
		DB51F90C28C81F85002D6A35 /* OnboardingImage.swift in Sources */ = {isa = PBXBuildFile; fileRef = DB51F90B28C81F85002D6A35 /* OnboardingImage.swift */; };
		DB51F90E28C81FF3002D6A35 /* OnboardingSelectPath.swift in Sources */ = {isa = PBXBuildFile; fileRef = DB51F90D28C81FF3002D6A35 /* OnboardingSelectPath.swift */; };
		DB51F91028C8207C002D6A35 /* OnboardingOptionButton.swift in Sources */ = {isa = PBXBuildFile; fileRef = DB51F90F28C8207C002D6A35 /* OnboardingOptionButton.swift */; };
		DB51F91828C825C5002D6A35 /* OnboardingStoreTests.swift in Sources */ = {isa = PBXBuildFile; fileRef = DB51F91728C825C5002D6A35 /* OnboardingStoreTests.swift */; };
		DB51F91A28C84CCC002D6A35 /* OnboardingStore.swift in Sources */ = {isa = PBXBuildFile; fileRef = DB51F91928C84CCC002D6A35 /* OnboardingStore.swift */; };
		DB51F93828CAA9BD002D6A35 /* SignUpScreen.swift in Sources */ = {isa = PBXBuildFile; fileRef = DB51F93728CAA9BD002D6A35 /* SignUpScreen.swift */; };
		DB51F93C28CB91D9002D6A35 /* CustomButton.swift in Sources */ = {isa = PBXBuildFile; fileRef = DB51F93B28CB91D9002D6A35 /* CustomButton.swift */; };
		DB51F93F28CB9E6B002D6A35 /* EmailTextField.swift in Sources */ = {isa = PBXBuildFile; fileRef = DB51F93E28CB9E6B002D6A35 /* EmailTextField.swift */; };
		DB51F94228CBA0E7002D6A35 /* ScreenSize.swift in Sources */ = {isa = PBXBuildFile; fileRef = DB51F94128CBA0E7002D6A35 /* ScreenSize.swift */; };
		DB51F94428CBA3BE002D6A35 /* AppColor.swift in Sources */ = {isa = PBXBuildFile; fileRef = DB51F94328CBA3BE002D6A35 /* AppColor.swift */; };
		DB51F94628CBA6B4002D6A35 /* AskAccountButton.swift in Sources */ = {isa = PBXBuildFile; fileRef = DB51F94528CBA6B4002D6A35 /* AskAccountButton.swift */; };
		DB51F94828CBA773002D6A35 /* AppImages.swift in Sources */ = {isa = PBXBuildFile; fileRef = DB51F94728CBA773002D6A35 /* AppImages.swift */; };
		DB51F94A28CBA906002D6A35 /* AppLogo.swift in Sources */ = {isa = PBXBuildFile; fileRef = DB51F94928CBA906002D6A35 /* AppLogo.swift */; };
		DB51F94D28CBAEF8002D6A35 /* TextFieldBorder.swift in Sources */ = {isa = PBXBuildFile; fileRef = DB51F94C28CBAEF8002D6A35 /* TextFieldBorder.swift */; };
		DB51F96A28CC3FE9002D6A35 /* PasswordTextField.swift in Sources */ = {isa = PBXBuildFile; fileRef = DB51F96928CC3FE9002D6A35 /* PasswordTextField.swift */; };
		DB51F96C28CC412D002D6A35 /* ShowPasswordButton.swift in Sources */ = {isa = PBXBuildFile; fileRef = DB51F96B28CC412D002D6A35 /* ShowPasswordButton.swift */; };
		DB9BA89328DA188200693AD1 /* FavoriteScreen.swift in Sources */ = {isa = PBXBuildFile; fileRef = DB9BA89228DA188200693AD1 /* FavoriteScreen.swift */; };
		DB9F883528CC46AB00B7887B /* PhoneTextField.swift in Sources */ = {isa = PBXBuildFile; fileRef = DB9F883428CC46AB00B7887B /* PhoneTextField.swift */; };
		DB9F883828CC4F6E00B7887B /* SignInScreen.swift in Sources */ = {isa = PBXBuildFile; fileRef = DB9F883728CC4F6E00B7887B /* SignInScreen.swift */; };
		DB9F883B28CC50D600B7887B /* ResetPasswordScreen.swift in Sources */ = {isa = PBXBuildFile; fileRef = DB9F883A28CC50D600B7887B /* ResetPasswordScreen.swift */; };
		DB9F884528CD886200B7887B /* BackButton.swift in Sources */ = {isa = PBXBuildFile; fileRef = DB9F884428CD886200B7887B /* BackButton.swift */; };
		DB9F884828CD899300B7887B /* RecoverAccountText.swift in Sources */ = {isa = PBXBuildFile; fileRef = DB9F884728CD899300B7887B /* RecoverAccountText.swift */; };
		DB9F884A28CD8DE800B7887B /* ResetPasswordTextField.swift in Sources */ = {isa = PBXBuildFile; fileRef = DB9F884928CD8DE800B7887B /* ResetPasswordTextField.swift */; };
		DBE6E77428DCE7D700F77C1D /* CartScreen.swift in Sources */ = {isa = PBXBuildFile; fileRef = DBE6E77328DCE7D700F77C1D /* CartScreen.swift */; };
/* End PBXBuildFile section */

/* Begin PBXContainerItemProxy section */
		DB51F8E528C7AE3B002D6A35 /* PBXContainerItemProxy */ = {
			isa = PBXContainerItemProxy;
			containerPortal = DB51F8CC28C7AE3B002D6A35 /* Project object */;
			proxyType = 1;
			remoteGlobalIDString = DB51F8D328C7AE3B002D6A35;
			remoteInfo = LionStore;
		};
		DB51F8EF28C7AE3B002D6A35 /* PBXContainerItemProxy */ = {
			isa = PBXContainerItemProxy;
			containerPortal = DB51F8CC28C7AE3B002D6A35 /* Project object */;
			proxyType = 1;
			remoteGlobalIDString = DB51F8D328C7AE3B002D6A35;
			remoteInfo = LionStore;
		};
/* End PBXContainerItemProxy section */

/* Begin PBXFileReference section */
		DB3ADC3C28CE7E6800CFEC78 /* TabViewBar.swift */ = {isa = PBXFileReference; lastKnownFileType = sourcecode.swift; path = TabViewBar.swift; sourceTree = "<group>"; };
		DB3ADC3E28CE8DB600CFEC78 /* TabScreen.swift */ = {isa = PBXFileReference; lastKnownFileType = sourcecode.swift; path = TabScreen.swift; sourceTree = "<group>"; };
		DB3ADC4128CE91FC00CFEC78 /* ProfileTabScreen.swift */ = {isa = PBXFileReference; lastKnownFileType = sourcecode.swift; path = ProfileTabScreen.swift; sourceTree = "<group>"; };
		DB3ADC4328CE96A200CFEC78 /* TabView.swift */ = {isa = PBXFileReference; lastKnownFileType = sourcecode.swift; path = TabView.swift; sourceTree = "<group>"; };
		DB3ADC4628CE9BF200CFEC78 /* EditProfileImage.swift */ = {isa = PBXFileReference; lastKnownFileType = sourcecode.swift; path = EditProfileImage.swift; sourceTree = "<group>"; };
		DB3ADC4928CEDB8B00CFEC78 /* EditProfileScreen.swift */ = {isa = PBXFileReference; lastKnownFileType = sourcecode.swift; path = EditProfileScreen.swift; sourceTree = "<group>"; };
		DB3ADC7C28D0204600CFEC78 /* HomeScreen.swift */ = {isa = PBXFileReference; lastKnownFileType = sourcecode.swift; path = HomeScreen.swift; sourceTree = "<group>"; };
		DB3ADC7F28D0263500CFEC78 /* CategoryCell.swift */ = {isa = PBXFileReference; lastKnownFileType = sourcecode.swift; path = CategoryCell.swift; sourceTree = "<group>"; };
		DB3ADC8128D02FB700CFEC78 /* ProductCell.swift */ = {isa = PBXFileReference; lastKnownFileType = sourcecode.swift; path = ProductCell.swift; sourceTree = "<group>"; };
		DB3ADC8428D26B0500CFEC78 /* ProductDetailScreen.swift */ = {isa = PBXFileReference; lastKnownFileType = sourcecode.swift; path = ProductDetailScreen.swift; sourceTree = "<group>"; };
		DB51F8D428C7AE3B002D6A35 /* LionStore.app */ = {isa = PBXFileReference; explicitFileType = wrapper.application; includeInIndex = 0; path = LionStore.app; sourceTree = BUILT_PRODUCTS_DIR; };
		DB51F8D728C7AE3B002D6A35 /* LionStoreApp.swift */ = {isa = PBXFileReference; lastKnownFileType = sourcecode.swift; path = LionStoreApp.swift; sourceTree = "<group>"; };
		DB51F8DB28C7AE3B002D6A35 /* Assets.xcassets */ = {isa = PBXFileReference; lastKnownFileType = folder.assetcatalog; path = Assets.xcassets; sourceTree = "<group>"; };
		DB51F8DE28C7AE3B002D6A35 /* Preview Assets.xcassets */ = {isa = PBXFileReference; lastKnownFileType = folder.assetcatalog; path = "Preview Assets.xcassets"; sourceTree = "<group>"; };
		DB51F8E428C7AE3B002D6A35 /* LionStoreTests.xctest */ = {isa = PBXFileReference; explicitFileType = wrapper.cfbundle; includeInIndex = 0; path = LionStoreTests.xctest; sourceTree = BUILT_PRODUCTS_DIR; };
		DB51F8E828C7AE3B002D6A35 /* LionStoreTests.swift */ = {isa = PBXFileReference; lastKnownFileType = sourcecode.swift; path = LionStoreTests.swift; sourceTree = "<group>"; };
		DB51F8EE28C7AE3B002D6A35 /* LionStoreUITests.xctest */ = {isa = PBXFileReference; explicitFileType = wrapper.cfbundle; includeInIndex = 0; path = LionStoreUITests.xctest; sourceTree = BUILT_PRODUCTS_DIR; };
		DB51F8F228C7AE3B002D6A35 /* LionStoreUITests.swift */ = {isa = PBXFileReference; lastKnownFileType = sourcecode.swift; path = LionStoreUITests.swift; sourceTree = "<group>"; };
		DB51F8F428C7AE3B002D6A35 /* LionStoreUITestsLaunchTests.swift */ = {isa = PBXFileReference; lastKnownFileType = sourcecode.swift; path = LionStoreUITestsLaunchTests.swift; sourceTree = "<group>"; };
		DB51F90328C7D857002D6A35 /* OnboardingScreen.swift */ = {isa = PBXFileReference; lastKnownFileType = sourcecode.swift; path = OnboardingScreen.swift; sourceTree = "<group>"; };
		DB51F90928C81EA2002D6A35 /* OnboardingTitle.swift */ = {isa = PBXFileReference; lastKnownFileType = sourcecode.swift; path = OnboardingTitle.swift; sourceTree = "<group>"; };
		DB51F90B28C81F85002D6A35 /* OnboardingImage.swift */ = {isa = PBXFileReference; lastKnownFileType = sourcecode.swift; path = OnboardingImage.swift; sourceTree = "<group>"; };
		DB51F90D28C81FF3002D6A35 /* OnboardingSelectPath.swift */ = {isa = PBXFileReference; lastKnownFileType = sourcecode.swift; path = OnboardingSelectPath.swift; sourceTree = "<group>"; };
		DB51F90F28C8207C002D6A35 /* OnboardingOptionButton.swift */ = {isa = PBXFileReference; lastKnownFileType = sourcecode.swift; path = OnboardingOptionButton.swift; sourceTree = "<group>"; };
		DB51F91728C825C5002D6A35 /* OnboardingStoreTests.swift */ = {isa = PBXFileReference; lastKnownFileType = sourcecode.swift; path = OnboardingStoreTests.swift; sourceTree = "<group>"; };
		DB51F91928C84CCC002D6A35 /* OnboardingStore.swift */ = {isa = PBXFileReference; lastKnownFileType = sourcecode.swift; path = OnboardingStore.swift; sourceTree = "<group>"; };
		DB51F93728CAA9BD002D6A35 /* SignUpScreen.swift */ = {isa = PBXFileReference; lastKnownFileType = sourcecode.swift; path = SignUpScreen.swift; sourceTree = "<group>"; };
		DB51F93B28CB91D9002D6A35 /* CustomButton.swift */ = {isa = PBXFileReference; lastKnownFileType = sourcecode.swift; path = CustomButton.swift; sourceTree = "<group>"; };
		DB51F93E28CB9E6B002D6A35 /* EmailTextField.swift */ = {isa = PBXFileReference; lastKnownFileType = sourcecode.swift; path = EmailTextField.swift; sourceTree = "<group>"; };
		DB51F94128CBA0E7002D6A35 /* ScreenSize.swift */ = {isa = PBXFileReference; lastKnownFileType = sourcecode.swift; path = ScreenSize.swift; sourceTree = "<group>"; };
		DB51F94328CBA3BE002D6A35 /* AppColor.swift */ = {isa = PBXFileReference; lastKnownFileType = sourcecode.swift; path = AppColor.swift; sourceTree = "<group>"; };
		DB51F94528CBA6B4002D6A35 /* AskAccountButton.swift */ = {isa = PBXFileReference; lastKnownFileType = sourcecode.swift; path = AskAccountButton.swift; sourceTree = "<group>"; };
		DB51F94728CBA773002D6A35 /* AppImages.swift */ = {isa = PBXFileReference; lastKnownFileType = sourcecode.swift; path = AppImages.swift; sourceTree = "<group>"; };
		DB51F94928CBA906002D6A35 /* AppLogo.swift */ = {isa = PBXFileReference; lastKnownFileType = sourcecode.swift; path = AppLogo.swift; sourceTree = "<group>"; };
		DB51F94C28CBAEF8002D6A35 /* TextFieldBorder.swift */ = {isa = PBXFileReference; lastKnownFileType = sourcecode.swift; path = TextFieldBorder.swift; sourceTree = "<group>"; };
		DB51F96928CC3FE9002D6A35 /* PasswordTextField.swift */ = {isa = PBXFileReference; lastKnownFileType = sourcecode.swift; path = PasswordTextField.swift; sourceTree = "<group>"; };
		DB51F96B28CC412D002D6A35 /* ShowPasswordButton.swift */ = {isa = PBXFileReference; lastKnownFileType = sourcecode.swift; path = ShowPasswordButton.swift; sourceTree = "<group>"; };
		DB9BA89228DA188200693AD1 /* FavoriteScreen.swift */ = {isa = PBXFileReference; lastKnownFileType = sourcecode.swift; path = FavoriteScreen.swift; sourceTree = "<group>"; };
		DB9F883428CC46AB00B7887B /* PhoneTextField.swift */ = {isa = PBXFileReference; lastKnownFileType = sourcecode.swift; path = PhoneTextField.swift; sourceTree = "<group>"; };
		DB9F883728CC4F6E00B7887B /* SignInScreen.swift */ = {isa = PBXFileReference; lastKnownFileType = sourcecode.swift; path = SignInScreen.swift; sourceTree = "<group>"; };
		DB9F883A28CC50D600B7887B /* ResetPasswordScreen.swift */ = {isa = PBXFileReference; lastKnownFileType = sourcecode.swift; path = ResetPasswordScreen.swift; sourceTree = "<group>"; };
		DB9F884428CD886200B7887B /* BackButton.swift */ = {isa = PBXFileReference; lastKnownFileType = sourcecode.swift; path = BackButton.swift; sourceTree = "<group>"; };
		DB9F884728CD899300B7887B /* RecoverAccountText.swift */ = {isa = PBXFileReference; lastKnownFileType = sourcecode.swift; path = RecoverAccountText.swift; sourceTree = "<group>"; };
		DB9F884928CD8DE800B7887B /* ResetPasswordTextField.swift */ = {isa = PBXFileReference; lastKnownFileType = sourcecode.swift; path = ResetPasswordTextField.swift; sourceTree = "<group>"; };
		DBE6E77328DCE7D700F77C1D /* CartScreen.swift */ = {isa = PBXFileReference; lastKnownFileType = sourcecode.swift; path = CartScreen.swift; sourceTree = "<group>"; };
/* End PBXFileReference section */

/* Begin PBXFrameworksBuildPhase section */
		DB51F8D128C7AE3B002D6A35 /* Frameworks */ = {
			isa = PBXFrameworksBuildPhase;
			buildActionMask = 2147483647;
			files = (
			);
			runOnlyForDeploymentPostprocessing = 0;
		};
		DB51F8E128C7AE3B002D6A35 /* Frameworks */ = {
			isa = PBXFrameworksBuildPhase;
			buildActionMask = 2147483647;
			files = (
			);
			runOnlyForDeploymentPostprocessing = 0;
		};
		DB51F8EB28C7AE3B002D6A35 /* Frameworks */ = {
			isa = PBXFrameworksBuildPhase;
			buildActionMask = 2147483647;
			files = (
			);
			runOnlyForDeploymentPostprocessing = 0;
		};
/* End PBXFrameworksBuildPhase section */

/* Begin PBXGroup section */
		DB3ADC3B28CE7E2C00CFEC78 /* TabView */ = {
			isa = PBXGroup;
			children = (
				DB3ADC3E28CE8DB600CFEC78 /* TabScreen.swift */,
				DB3ADC3C28CE7E6800CFEC78 /* TabViewBar.swift */,
				DB3ADC4328CE96A200CFEC78 /* TabView.swift */,
				DB3ADC7B28D0201900CFEC78 /* HomeScreen */,
				DBE6E77228DCE7B100F77C1D /* CartScreen */,
				DB3ADC4028CE91E700CFEC78 /* ProfileTabScreen */,
				DB9BA89128DA185D00693AD1 /* FavoriteTabScreen */,
			);
			path = TabView;
			sourceTree = "<group>";
		};
		DB3ADC4028CE91E700CFEC78 /* ProfileTabScreen */ = {
			isa = PBXGroup;
			children = (
				DB3ADC4128CE91FC00CFEC78 /* ProfileTabScreen.swift */,
				DB3ADC4828CEDB7B00CFEC78 /* EditProfileScreen */,
				DB3ADC4528CE9BD900CFEC78 /* Components */,
			);
			path = ProfileTabScreen;
			sourceTree = "<group>";
		};
		DB3ADC4528CE9BD900CFEC78 /* Components */ = {
			isa = PBXGroup;
			children = (
				DB3ADC4628CE9BF200CFEC78 /* EditProfileImage.swift */,
			);
			path = Components;
			sourceTree = "<group>";
		};
		DB3ADC4828CEDB7B00CFEC78 /* EditProfileScreen */ = {
			isa = PBXGroup;
			children = (
				DB3ADC4928CEDB8B00CFEC78 /* EditProfileScreen.swift */,
			);
			path = EditProfileScreen;
			sourceTree = "<group>";
		};
		DB3ADC7B28D0201900CFEC78 /* HomeScreen */ = {
			isa = PBXGroup;
			children = (
				DB3ADC7C28D0204600CFEC78 /* HomeScreen.swift */,
				DB3ADC8328D26AF500CFEC78 /* ProductDetailScreen */,
				DB3ADC7E28D0262900CFEC78 /* Components */,
			);
			path = HomeScreen;
			sourceTree = "<group>";
		};
		DB3ADC7E28D0262900CFEC78 /* Components */ = {
			isa = PBXGroup;
			children = (
				DB3ADC7F28D0263500CFEC78 /* CategoryCell.swift */,
				DB3ADC8128D02FB700CFEC78 /* ProductCell.swift */,
			);
			path = Components;
			sourceTree = "<group>";
		};
		DB3ADC8328D26AF500CFEC78 /* ProductDetailScreen */ = {
			isa = PBXGroup;
			children = (
				DB3ADC8428D26B0500CFEC78 /* ProductDetailScreen.swift */,
			);
			path = ProductDetailScreen;
			sourceTree = "<group>";
		};
		DB51F8CB28C7AE3B002D6A35 = {
			isa = PBXGroup;
			children = (
				DB51F8D628C7AE3B002D6A35 /* LionStore */,
				DB51F8E728C7AE3B002D6A35 /* LionStoreTests */,
				DB51F8F128C7AE3B002D6A35 /* LionStoreUITests */,
				DB51F8D528C7AE3B002D6A35 /* Products */,
			);
			sourceTree = "<group>";
		};
		DB51F8D528C7AE3B002D6A35 /* Products */ = {
			isa = PBXGroup;
			children = (
				DB51F8D428C7AE3B002D6A35 /* LionStore.app */,
				DB51F8E428C7AE3B002D6A35 /* LionStoreTests.xctest */,
				DB51F8EE28C7AE3B002D6A35 /* LionStoreUITests.xctest */,
			);
			name = Products;
			sourceTree = "<group>";
		};
		DB51F8D628C7AE3B002D6A35 /* LionStore */ = {
			isa = PBXGroup;
			children = (
				DB51F8D728C7AE3B002D6A35 /* LionStoreApp.swift */,
				DB51F90128C7D7BE002D6A35 /* UI */,
				DB51F8DB28C7AE3B002D6A35 /* Assets.xcassets */,
				DB51F8DD28C7AE3B002D6A35 /* Preview Content */,
			);
			path = LionStore;
			sourceTree = "<group>";
		};
		DB51F8DD28C7AE3B002D6A35 /* Preview Content */ = {
			isa = PBXGroup;
			children = (
				DB51F8DE28C7AE3B002D6A35 /* Preview Assets.xcassets */,
			);
			path = "Preview Content";
			sourceTree = "<group>";
		};
		DB51F8E728C7AE3B002D6A35 /* LionStoreTests */ = {
			isa = PBXGroup;
			children = (
				DB51F91428C82566002D6A35 /* UI */,
				DB51F8E828C7AE3B002D6A35 /* LionStoreTests.swift */,
			);
			path = LionStoreTests;
			sourceTree = "<group>";
		};
		DB51F8F128C7AE3B002D6A35 /* LionStoreUITests */ = {
			isa = PBXGroup;
			children = (
				DB51F8F228C7AE3B002D6A35 /* LionStoreUITests.swift */,
				DB51F8F428C7AE3B002D6A35 /* LionStoreUITestsLaunchTests.swift */,
			);
			path = LionStoreUITests;
			sourceTree = "<group>";
		};
		DB51F90128C7D7BE002D6A35 /* UI */ = {
			isa = PBXGroup;
			children = (
				DB51F90228C7D815002D6A35 /* SwiftUI */,
			);
			path = UI;
			sourceTree = "<group>";
		};
		DB51F90228C7D815002D6A35 /* SwiftUI */ = {
			isa = PBXGroup;
			children = (
				DB51F93D28CB92E1002D6A35 /* App */,
				DB51F94028CBA0D9002D6A35 /* Utils */,
				DB51F93A28CB91CB002D6A35 /* ReuseableViews */,
				DB51F94B28CBAEAB002D6A35 /* Modifiers */,
			);
			path = SwiftUI;
			sourceTree = "<group>";
		};
		DB51F90528C817E2002D6A35 /* Onboarding */ = {
			isa = PBXGroup;
			children = (
				DB51F90328C7D857002D6A35 /* OnboardingScreen.swift */,
				DB51F91928C84CCC002D6A35 /* OnboardingStore.swift */,
				DB51F90828C81E7B002D6A35 /* Components */,
			);
			path = Onboarding;
			sourceTree = "<group>";
		};
		DB51F90828C81E7B002D6A35 /* Components */ = {
			isa = PBXGroup;
			children = (
				DB51F90928C81EA2002D6A35 /* OnboardingTitle.swift */,
				DB51F90B28C81F85002D6A35 /* OnboardingImage.swift */,
				DB51F90D28C81FF3002D6A35 /* OnboardingSelectPath.swift */,
				DB51F90F28C8207C002D6A35 /* OnboardingOptionButton.swift */,
			);
			path = Components;
			sourceTree = "<group>";
		};
		DB51F91428C82566002D6A35 /* UI */ = {
			isa = PBXGroup;
			children = (
				DB51F91528C8256D002D6A35 /* SwiftUI */,
			);
			path = UI;
			sourceTree = "<group>";
		};
		DB51F91528C8256D002D6A35 /* SwiftUI */ = {
			isa = PBXGroup;
			children = (
				DB51F91628C82576002D6A35 /* Onboarding */,
			);
			path = SwiftUI;
			sourceTree = "<group>";
		};
		DB51F91628C82576002D6A35 /* Onboarding */ = {
			isa = PBXGroup;
			children = (
				DB51F91728C825C5002D6A35 /* OnboardingStoreTests.swift */,
			);
			path = Onboarding;
			sourceTree = "<group>";
		};
		DB51F93628CAA9AE002D6A35 /* SignUp */ = {
			isa = PBXGroup;
			children = (
				DB51F93928CB9189002D6A35 /* Components */,
			);
			path = SignUp;
			sourceTree = "<group>";
		};
		DB51F93928CB9189002D6A35 /* Components */ = {
			isa = PBXGroup;
			children = (
				DB51F93728CAA9BD002D6A35 /* SignUpScreen.swift */,
			);
			path = Components;
			sourceTree = "<group>";
		};
		DB51F93A28CB91CB002D6A35 /* ReuseableViews */ = {
			isa = PBXGroup;
			children = (
				DB51F93B28CB91D9002D6A35 /* CustomButton.swift */,
				DB51F93E28CB9E6B002D6A35 /* EmailTextField.swift */,
				DB51F94528CBA6B4002D6A35 /* AskAccountButton.swift */,
				DB51F94928CBA906002D6A35 /* AppLogo.swift */,
				DB51F96928CC3FE9002D6A35 /* PasswordTextField.swift */,
				DB51F96B28CC412D002D6A35 /* ShowPasswordButton.swift */,
				DB9F883428CC46AB00B7887B /* PhoneTextField.swift */,
				DB9F884428CD886200B7887B /* BackButton.swift */,
			);
			path = ReuseableViews;
			sourceTree = "<group>";
		};
		DB51F93D28CB92E1002D6A35 /* App */ = {
			isa = PBXGroup;
			children = (
				DB51F90528C817E2002D6A35 /* Onboarding */,
				DB51F93628CAA9AE002D6A35 /* SignUp */,
				DB9F883628CC4F6300B7887B /* SignIn */,
				DB9F883928CC50BD00B7887B /* ResetPasswordScreen */,
				DB3ADC3B28CE7E2C00CFEC78 /* TabView */,
			);
			path = App;
			sourceTree = "<group>";
		};
		DB51F94028CBA0D9002D6A35 /* Utils */ = {
			isa = PBXGroup;
			children = (
				DB51F94128CBA0E7002D6A35 /* ScreenSize.swift */,
				DB51F94328CBA3BE002D6A35 /* AppColor.swift */,
				DB51F94728CBA773002D6A35 /* AppImages.swift */,
			);
			path = Utils;
			sourceTree = "<group>";
		};
		DB51F94B28CBAEAB002D6A35 /* Modifiers */ = {
			isa = PBXGroup;
			children = (
				DB51F94C28CBAEF8002D6A35 /* TextFieldBorder.swift */,
			);
			path = Modifiers;
			sourceTree = "<group>";
		};
		DB9BA89128DA185D00693AD1 /* FavoriteTabScreen */ = {
			isa = PBXGroup;
			children = (
				DB9BA89228DA188200693AD1 /* FavoriteScreen.swift */,
			);
			path = FavoriteTabScreen;
			sourceTree = "<group>";
		};
		DB9F883628CC4F6300B7887B /* SignIn */ = {
			isa = PBXGroup;
			children = (
				DB9F883728CC4F6E00B7887B /* SignInScreen.swift */,
			);
			path = SignIn;
			sourceTree = "<group>";
		};
		DB9F883928CC50BD00B7887B /* ResetPasswordScreen */ = {
			isa = PBXGroup;
			children = (
				DB9F884628CD898400B7887B /* Components */,
			);
			path = ResetPasswordScreen;
			sourceTree = "<group>";
		};
		DB9F884628CD898400B7887B /* Components */ = {
			isa = PBXGroup;
			children = (
				DB9F883A28CC50D600B7887B /* ResetPasswordScreen.swift */,
				DB9F884728CD899300B7887B /* RecoverAccountText.swift */,
				DB9F884928CD8DE800B7887B /* ResetPasswordTextField.swift */,
			);
			path = Components;
			sourceTree = "<group>";
		};
		DBE6E77228DCE7B100F77C1D /* CartScreen */ = {
			isa = PBXGroup;
			children = (
				DBE6E77328DCE7D700F77C1D /* CartScreen.swift */,
			);
			path = CartScreen;
			sourceTree = "<group>";
		};
/* End PBXGroup section */

/* Begin PBXNativeTarget section */
		DB51F8D328C7AE3B002D6A35 /* LionStore */ = {
			isa = PBXNativeTarget;
			buildConfigurationList = DB51F8F828C7AE3B002D6A35 /* Build configuration list for PBXNativeTarget "LionStore" */;
			buildPhases = (
				DB51F8D028C7AE3B002D6A35 /* Sources */,
				DB51F8D128C7AE3B002D6A35 /* Frameworks */,
				DB51F8D228C7AE3B002D6A35 /* Resources */,
			);
			buildRules = (
			);
			dependencies = (
			);
			name = LionStore;
			productName = LionStore;
			productReference = DB51F8D428C7AE3B002D6A35 /* LionStore.app */;
			productType = "com.apple.product-type.application";
		};
		DB51F8E328C7AE3B002D6A35 /* LionStoreTests */ = {
			isa = PBXNativeTarget;
			buildConfigurationList = DB51F8FB28C7AE3B002D6A35 /* Build configuration list for PBXNativeTarget "LionStoreTests" */;
			buildPhases = (
				DB51F8E028C7AE3B002D6A35 /* Sources */,
				DB51F8E128C7AE3B002D6A35 /* Frameworks */,
				DB51F8E228C7AE3B002D6A35 /* Resources */,
			);
			buildRules = (
			);
			dependencies = (
				DB51F8E628C7AE3B002D6A35 /* PBXTargetDependency */,
			);
			name = LionStoreTests;
			productName = LionStoreTests;
			productReference = DB51F8E428C7AE3B002D6A35 /* LionStoreTests.xctest */;
			productType = "com.apple.product-type.bundle.unit-test";
		};
		DB51F8ED28C7AE3B002D6A35 /* LionStoreUITests */ = {
			isa = PBXNativeTarget;
			buildConfigurationList = DB51F8FE28C7AE3B002D6A35 /* Build configuration list for PBXNativeTarget "LionStoreUITests" */;
			buildPhases = (
				DB51F8EA28C7AE3B002D6A35 /* Sources */,
				DB51F8EB28C7AE3B002D6A35 /* Frameworks */,
				DB51F8EC28C7AE3B002D6A35 /* Resources */,
			);
			buildRules = (
			);
			dependencies = (
				DB51F8F028C7AE3B002D6A35 /* PBXTargetDependency */,
			);
			name = LionStoreUITests;
			productName = LionStoreUITests;
			productReference = DB51F8EE28C7AE3B002D6A35 /* LionStoreUITests.xctest */;
			productType = "com.apple.product-type.bundle.ui-testing";
		};
/* End PBXNativeTarget section */

/* Begin PBXProject section */
		DB51F8CC28C7AE3B002D6A35 /* Project object */ = {
			isa = PBXProject;
			attributes = {
				BuildIndependentTargetsInParallel = 1;
				LastSwiftUpdateCheck = 1340;
				LastUpgradeCheck = 1340;
				TargetAttributes = {
					DB51F8D328C7AE3B002D6A35 = {
						CreatedOnToolsVersion = 13.4.1;
					};
					DB51F8E328C7AE3B002D6A35 = {
						CreatedOnToolsVersion = 13.4.1;
						TestTargetID = DB51F8D328C7AE3B002D6A35;
					};
					DB51F8ED28C7AE3B002D6A35 = {
						CreatedOnToolsVersion = 13.4.1;
						TestTargetID = DB51F8D328C7AE3B002D6A35;
					};
				};
			};
			buildConfigurationList = DB51F8CF28C7AE3B002D6A35 /* Build configuration list for PBXProject "LionStore" */;
			compatibilityVersion = "Xcode 13.0";
			developmentRegion = en;
			hasScannedForEncodings = 0;
			knownRegions = (
				en,
				Base,
			);
			mainGroup = DB51F8CB28C7AE3B002D6A35;
			productRefGroup = DB51F8D528C7AE3B002D6A35 /* Products */;
			projectDirPath = "";
			projectRoot = "";
			targets = (
				DB51F8D328C7AE3B002D6A35 /* LionStore */,
				DB51F8E328C7AE3B002D6A35 /* LionStoreTests */,
				DB51F8ED28C7AE3B002D6A35 /* LionStoreUITests */,
			);
		};
/* End PBXProject section */

/* Begin PBXResourcesBuildPhase section */
		DB51F8D228C7AE3B002D6A35 /* Resources */ = {
			isa = PBXResourcesBuildPhase;
			buildActionMask = 2147483647;
			files = (
				DB51F8DF28C7AE3B002D6A35 /* Preview Assets.xcassets in Resources */,
				DB51F8DC28C7AE3B002D6A35 /* Assets.xcassets in Resources */,
			);
			runOnlyForDeploymentPostprocessing = 0;
		};
		DB51F8E228C7AE3B002D6A35 /* Resources */ = {
			isa = PBXResourcesBuildPhase;
			buildActionMask = 2147483647;
			files = (
			);
			runOnlyForDeploymentPostprocessing = 0;
		};
		DB51F8EC28C7AE3B002D6A35 /* Resources */ = {
			isa = PBXResourcesBuildPhase;
			buildActionMask = 2147483647;
			files = (
			);
			runOnlyForDeploymentPostprocessing = 0;
		};
/* End PBXResourcesBuildPhase section */

/* Begin PBXSourcesBuildPhase section */
		DB51F8D028C7AE3B002D6A35 /* Sources */ = {
			isa = PBXSourcesBuildPhase;
			buildActionMask = 2147483647;
			files = (
				DB51F91A28C84CCC002D6A35 /* OnboardingStore.swift in Sources */,
				DB9F883828CC4F6E00B7887B /* SignInScreen.swift in Sources */,
				DB9F884528CD886200B7887B /* BackButton.swift in Sources */,
				DB3ADC3D28CE7E6800CFEC78 /* TabViewBar.swift in Sources */,
				DB9BA89328DA188200693AD1 /* FavoriteScreen.swift in Sources */,
				DB51F8D828C7AE3B002D6A35 /* LionStoreApp.swift in Sources */,
				DB3ADC4A28CEDB8B00CFEC78 /* EditProfileScreen.swift in Sources */,
				DB9F883B28CC50D600B7887B /* ResetPasswordScreen.swift in Sources */,
				DB51F93C28CB91D9002D6A35 /* CustomButton.swift in Sources */,
				DBE6E77428DCE7D700F77C1D /* CartScreen.swift in Sources */,
				DB51F90428C7D857002D6A35 /* OnboardingScreen.swift in Sources */,
				DB51F94628CBA6B4002D6A35 /* AskAccountButton.swift in Sources */,
				DB51F93828CAA9BD002D6A35 /* SignUpScreen.swift in Sources */,
				DB3ADC8028D0263500CFEC78 /* CategoryCell.swift in Sources */,
				DB3ADC8228D02FB700CFEC78 /* ProductCell.swift in Sources */,
				DB51F96A28CC3FE9002D6A35 /* PasswordTextField.swift in Sources */,
				DB51F94428CBA3BE002D6A35 /* AppColor.swift in Sources */,
				DB9F883528CC46AB00B7887B /* PhoneTextField.swift in Sources */,
				DB51F94D28CBAEF8002D6A35 /* TextFieldBorder.swift in Sources */,
				DB3ADC4728CE9BF200CFEC78 /* EditProfileImage.swift in Sources */,
				DB51F90E28C81FF3002D6A35 /* OnboardingSelectPath.swift in Sources */,
				DB51F94228CBA0E7002D6A35 /* ScreenSize.swift in Sources */,
				DB9F884828CD899300B7887B /* RecoverAccountText.swift in Sources */,
				DB51F94828CBA773002D6A35 /* AppImages.swift in Sources */,
				DB3ADC4428CE96A200CFEC78 /* TabView.swift in Sources */,
				DB51F93F28CB9E6B002D6A35 /* EmailTextField.swift in Sources */,
				DB51F96C28CC412D002D6A35 /* ShowPasswordButton.swift in Sources */,
				DB51F90C28C81F85002D6A35 /* OnboardingImage.swift in Sources */,
				DB3ADC4228CE91FC00CFEC78 /* ProfileTabScreen.swift in Sources */,
				DB51F90A28C81EA2002D6A35 /* OnboardingTitle.swift in Sources */,
				DB3ADC7D28D0204600CFEC78 /* HomeScreen.swift in Sources */,
				DB51F91028C8207C002D6A35 /* OnboardingOptionButton.swift in Sources */,
				DB3ADC8528D26B0500CFEC78 /* ProductDetailScreen.swift in Sources */,
				DB3ADC3F28CE8DB600CFEC78 /* TabScreen.swift in Sources */,
				DB9F884A28CD8DE800B7887B /* ResetPasswordTextField.swift in Sources */,
				DB51F94A28CBA906002D6A35 /* AppLogo.swift in Sources */,
			);
			runOnlyForDeploymentPostprocessing = 0;
		};
		DB51F8E028C7AE3B002D6A35 /* Sources */ = {
			isa = PBXSourcesBuildPhase;
			buildActionMask = 2147483647;
			files = (
				DB51F91828C825C5002D6A35 /* OnboardingStoreTests.swift in Sources */,
				DB51F8E928C7AE3B002D6A35 /* LionStoreTests.swift in Sources */,
			);
			runOnlyForDeploymentPostprocessing = 0;
		};
		DB51F8EA28C7AE3B002D6A35 /* Sources */ = {
			isa = PBXSourcesBuildPhase;
			buildActionMask = 2147483647;
			files = (
				DB51F8F528C7AE3B002D6A35 /* LionStoreUITestsLaunchTests.swift in Sources */,
				DB51F8F328C7AE3B002D6A35 /* LionStoreUITests.swift in Sources */,
			);
			runOnlyForDeploymentPostprocessing = 0;
		};
/* End PBXSourcesBuildPhase section */

/* Begin PBXTargetDependency section */
		DB51F8E628C7AE3B002D6A35 /* PBXTargetDependency */ = {
			isa = PBXTargetDependency;
			target = DB51F8D328C7AE3B002D6A35 /* LionStore */;
			targetProxy = DB51F8E528C7AE3B002D6A35 /* PBXContainerItemProxy */;
		};
		DB51F8F028C7AE3B002D6A35 /* PBXTargetDependency */ = {
			isa = PBXTargetDependency;
			target = DB51F8D328C7AE3B002D6A35 /* LionStore */;
			targetProxy = DB51F8EF28C7AE3B002D6A35 /* PBXContainerItemProxy */;
		};
/* End PBXTargetDependency section */

/* Begin XCBuildConfiguration section */
		DB51F8F628C7AE3B002D6A35 /* Debug */ = {
			isa = XCBuildConfiguration;
			buildSettings = {
				ALWAYS_SEARCH_USER_PATHS = NO;
				CLANG_ANALYZER_NONNULL = YES;
				CLANG_ANALYZER_NUMBER_OBJECT_CONVERSION = YES_AGGRESSIVE;
				CLANG_CXX_LANGUAGE_STANDARD = "gnu++17";
				CLANG_ENABLE_MODULES = YES;
				CLANG_ENABLE_OBJC_ARC = YES;
				CLANG_ENABLE_OBJC_WEAK = YES;
				CLANG_WARN_BLOCK_CAPTURE_AUTORELEASING = YES;
				CLANG_WARN_BOOL_CONVERSION = YES;
				CLANG_WARN_COMMA = YES;
				CLANG_WARN_CONSTANT_CONVERSION = YES;
				CLANG_WARN_DEPRECATED_OBJC_IMPLEMENTATIONS = YES;
				CLANG_WARN_DIRECT_OBJC_ISA_USAGE = YES_ERROR;
				CLANG_WARN_DOCUMENTATION_COMMENTS = YES;
				CLANG_WARN_EMPTY_BODY = YES;
				CLANG_WARN_ENUM_CONVERSION = YES;
				CLANG_WARN_INFINITE_RECURSION = YES;
				CLANG_WARN_INT_CONVERSION = YES;
				CLANG_WARN_NON_LITERAL_NULL_CONVERSION = YES;
				CLANG_WARN_OBJC_IMPLICIT_RETAIN_SELF = YES;
				CLANG_WARN_OBJC_LITERAL_CONVERSION = YES;
				CLANG_WARN_OBJC_ROOT_CLASS = YES_ERROR;
				CLANG_WARN_QUOTED_INCLUDE_IN_FRAMEWORK_HEADER = YES;
				CLANG_WARN_RANGE_LOOP_ANALYSIS = YES;
				CLANG_WARN_STRICT_PROTOTYPES = YES;
				CLANG_WARN_SUSPICIOUS_MOVE = YES;
				CLANG_WARN_UNGUARDED_AVAILABILITY = YES_AGGRESSIVE;
				CLANG_WARN_UNREACHABLE_CODE = YES;
				CLANG_WARN__DUPLICATE_METHOD_MATCH = YES;
				COPY_PHASE_STRIP = NO;
				DEBUG_INFORMATION_FORMAT = dwarf;
				ENABLE_STRICT_OBJC_MSGSEND = YES;
				ENABLE_TESTABILITY = YES;
				GCC_C_LANGUAGE_STANDARD = gnu11;
				GCC_DYNAMIC_NO_PIC = NO;
				GCC_NO_COMMON_BLOCKS = YES;
				GCC_OPTIMIZATION_LEVEL = 0;
				GCC_PREPROCESSOR_DEFINITIONS = (
					"DEBUG=1",
					"$(inherited)",
				);
				GCC_WARN_64_TO_32_BIT_CONVERSION = YES;
				GCC_WARN_ABOUT_RETURN_TYPE = YES_ERROR;
				GCC_WARN_UNDECLARED_SELECTOR = YES;
				GCC_WARN_UNINITIALIZED_AUTOS = YES_AGGRESSIVE;
				GCC_WARN_UNUSED_FUNCTION = YES;
				GCC_WARN_UNUSED_VARIABLE = YES;
				IPHONEOS_DEPLOYMENT_TARGET = 15.5;
				MTL_ENABLE_DEBUG_INFO = INCLUDE_SOURCE;
				MTL_FAST_MATH = YES;
				ONLY_ACTIVE_ARCH = YES;
				SDKROOT = iphoneos;
				SWIFT_ACTIVE_COMPILATION_CONDITIONS = DEBUG;
				SWIFT_OPTIMIZATION_LEVEL = "-Onone";
			};
			name = Debug;
		};
		DB51F8F728C7AE3B002D6A35 /* Release */ = {
			isa = XCBuildConfiguration;
			buildSettings = {
				ALWAYS_SEARCH_USER_PATHS = NO;
				CLANG_ANALYZER_NONNULL = YES;
				CLANG_ANALYZER_NUMBER_OBJECT_CONVERSION = YES_AGGRESSIVE;
				CLANG_CXX_LANGUAGE_STANDARD = "gnu++17";
				CLANG_ENABLE_MODULES = YES;
				CLANG_ENABLE_OBJC_ARC = YES;
				CLANG_ENABLE_OBJC_WEAK = YES;
				CLANG_WARN_BLOCK_CAPTURE_AUTORELEASING = YES;
				CLANG_WARN_BOOL_CONVERSION = YES;
				CLANG_WARN_COMMA = YES;
				CLANG_WARN_CONSTANT_CONVERSION = YES;
				CLANG_WARN_DEPRECATED_OBJC_IMPLEMENTATIONS = YES;
				CLANG_WARN_DIRECT_OBJC_ISA_USAGE = YES_ERROR;
				CLANG_WARN_DOCUMENTATION_COMMENTS = YES;
				CLANG_WARN_EMPTY_BODY = YES;
				CLANG_WARN_ENUM_CONVERSION = YES;
				CLANG_WARN_INFINITE_RECURSION = YES;
				CLANG_WARN_INT_CONVERSION = YES;
				CLANG_WARN_NON_LITERAL_NULL_CONVERSION = YES;
				CLANG_WARN_OBJC_IMPLICIT_RETAIN_SELF = YES;
				CLANG_WARN_OBJC_LITERAL_CONVERSION = YES;
				CLANG_WARN_OBJC_ROOT_CLASS = YES_ERROR;
				CLANG_WARN_QUOTED_INCLUDE_IN_FRAMEWORK_HEADER = YES;
				CLANG_WARN_RANGE_LOOP_ANALYSIS = YES;
				CLANG_WARN_STRICT_PROTOTYPES = YES;
				CLANG_WARN_SUSPICIOUS_MOVE = YES;
				CLANG_WARN_UNGUARDED_AVAILABILITY = YES_AGGRESSIVE;
				CLANG_WARN_UNREACHABLE_CODE = YES;
				CLANG_WARN__DUPLICATE_METHOD_MATCH = YES;
				COPY_PHASE_STRIP = NO;
				DEBUG_INFORMATION_FORMAT = "dwarf-with-dsym";
				ENABLE_NS_ASSERTIONS = NO;
				ENABLE_STRICT_OBJC_MSGSEND = YES;
				GCC_C_LANGUAGE_STANDARD = gnu11;
				GCC_NO_COMMON_BLOCKS = YES;
				GCC_WARN_64_TO_32_BIT_CONVERSION = YES;
				GCC_WARN_ABOUT_RETURN_TYPE = YES_ERROR;
				GCC_WARN_UNDECLARED_SELECTOR = YES;
				GCC_WARN_UNINITIALIZED_AUTOS = YES_AGGRESSIVE;
				GCC_WARN_UNUSED_FUNCTION = YES;
				GCC_WARN_UNUSED_VARIABLE = YES;
				IPHONEOS_DEPLOYMENT_TARGET = 15.5;
				MTL_ENABLE_DEBUG_INFO = NO;
				MTL_FAST_MATH = YES;
				SDKROOT = iphoneos;
				SWIFT_COMPILATION_MODE = wholemodule;
				SWIFT_OPTIMIZATION_LEVEL = "-O";
				VALIDATE_PRODUCT = YES;
			};
			name = Release;
		};
		DB51F8F928C7AE3B002D6A35 /* Debug */ = {
			isa = XCBuildConfiguration;
			buildSettings = {
				ASSETCATALOG_COMPILER_APPICON_NAME = AppIcon;
				ASSETCATALOG_COMPILER_GLOBAL_ACCENT_COLOR_NAME = AccentColor;
				CODE_SIGN_IDENTITY = "iPhone Developer";
				CODE_SIGN_STYLE = Manual;
				CURRENT_PROJECT_VERSION = 6;
				DEVELOPMENT_ASSET_PATHS = "\"LionStore/Preview Content\"";
				DEVELOPMENT_TEAM = 5GQA38WHMY;
				ENABLE_PREVIEWS = YES;
				GENERATE_INFOPLIST_FILE = YES;
				INFOPLIST_KEY_UIApplicationSceneManifest_Generation = YES;
				INFOPLIST_KEY_UIApplicationSupportsIndirectInputEvents = YES;
				INFOPLIST_KEY_UILaunchScreen_Generation = YES;
				INFOPLIST_KEY_UISupportedInterfaceOrientations = UIInterfaceOrientationPortrait;
				INFOPLIST_KEY_UISupportedInterfaceOrientations_iPad = "UIInterfaceOrientationPortrait UIInterfaceOrientationPortraitUpsideDown UIInterfaceOrientationLandscapeLeft UIInterfaceOrientationLandscapeRight";
				INFOPLIST_KEY_UISupportedInterfaceOrientations_iPhone = "UIInterfaceOrientationPortrait UIInterfaceOrientationLandscapeLeft UIInterfaceOrientationLandscapeRight";
				IPHONEOS_DEPLOYMENT_TARGET = 15.0;
				LD_RUNPATH_SEARCH_PATHS = (
					"$(inherited)",
					"@executable_path/Frameworks",
				);
				MARKETING_VERSION = 0.0.1;
				PRODUCT_BUNDLE_IDENTIFIER = com.LionMGT.LionStore;
				PRODUCT_NAME = "$(TARGET_NAME)";
				PROVISIONING_PROFILE_SPECIFIER = LionStoreDevProvisionProfile;
				SWIFT_EMIT_LOC_STRINGS = YES;
				SWIFT_VERSION = 5.0;
				TARGETED_DEVICE_FAMILY = 1;
			};
			name = Debug;
		};
		DB51F8FA28C7AE3B002D6A35 /* Release */ = {
			isa = XCBuildConfiguration;
			buildSettings = {
				ASSETCATALOG_COMPILER_APPICON_NAME = AppIcon;
				ASSETCATALOG_COMPILER_GLOBAL_ACCENT_COLOR_NAME = AccentColor;
				CODE_SIGN_IDENTITY = "iPhone Distribution";
				CODE_SIGN_STYLE = Manual;
				CURRENT_PROJECT_VERSION = 6;
				DEVELOPMENT_ASSET_PATHS = "\"LionStore/Preview Content\"";
				DEVELOPMENT_TEAM = 5GQA38WHMY;
				ENABLE_PREVIEWS = YES;
				GENERATE_INFOPLIST_FILE = YES;
				INFOPLIST_KEY_UIApplicationSceneManifest_Generation = YES;
				INFOPLIST_KEY_UIApplicationSupportsIndirectInputEvents = YES;
				INFOPLIST_KEY_UILaunchScreen_Generation = YES;
				INFOPLIST_KEY_UISupportedInterfaceOrientations = UIInterfaceOrientationPortrait;
				INFOPLIST_KEY_UISupportedInterfaceOrientations_iPad = "UIInterfaceOrientationPortrait UIInterfaceOrientationPortraitUpsideDown UIInterfaceOrientationLandscapeLeft UIInterfaceOrientationLandscapeRight";
				INFOPLIST_KEY_UISupportedInterfaceOrientations_iPhone = "UIInterfaceOrientationPortrait UIInterfaceOrientationLandscapeLeft UIInterfaceOrientationLandscapeRight";
				IPHONEOS_DEPLOYMENT_TARGET = 15.0;
				LD_RUNPATH_SEARCH_PATHS = (
					"$(inherited)",
					"@executable_path/Frameworks",
				);
				MARKETING_VERSION = 0.0.1;
				PRODUCT_BUNDLE_IDENTIFIER = com.LionMGT.LionStore;
				PRODUCT_NAME = "$(TARGET_NAME)";
				PROVISIONING_PROFILE_SPECIFIER = LionStoreProdDistriProfile;
				SWIFT_EMIT_LOC_STRINGS = YES;
				SWIFT_VERSION = 5.0;
				TARGETED_DEVICE_FAMILY = 1;
			};
			name = Release;
		};
		DB51F8FC28C7AE3B002D6A35 /* Debug */ = {
			isa = XCBuildConfiguration;
			buildSettings = {
				ALWAYS_EMBED_SWIFT_STANDARD_LIBRARIES = YES;
				BUNDLE_LOADER = "$(TEST_HOST)";
				CODE_SIGN_STYLE = Automatic;
				CURRENT_PROJECT_VERSION = 1;
				DEVELOPMENT_TEAM = 5GQA38WHMY;
				GENERATE_INFOPLIST_FILE = YES;
				IPHONEOS_DEPLOYMENT_TARGET = 15.5;
				MARKETING_VERSION = 1.0;
				PRODUCT_BUNDLE_IDENTIFIER = com.LionMGT.LionStoreTests;
				PRODUCT_NAME = "$(TARGET_NAME)";
				SWIFT_EMIT_LOC_STRINGS = NO;
				SWIFT_VERSION = 5.0;
				TARGETED_DEVICE_FAMILY = "1,2";
				TEST_HOST = "$(BUILT_PRODUCTS_DIR)/LionStore.app/LionStore";
			};
			name = Debug;
		};
		DB51F8FD28C7AE3B002D6A35 /* Release */ = {
			isa = XCBuildConfiguration;
			buildSettings = {
				ALWAYS_EMBED_SWIFT_STANDARD_LIBRARIES = YES;
				BUNDLE_LOADER = "$(TEST_HOST)";
				CODE_SIGN_STYLE = Automatic;
				CURRENT_PROJECT_VERSION = 1;
				DEVELOPMENT_TEAM = 5GQA38WHMY;
				GENERATE_INFOPLIST_FILE = YES;
				IPHONEOS_DEPLOYMENT_TARGET = 15.5;
				MARKETING_VERSION = 1.0;
				PRODUCT_BUNDLE_IDENTIFIER = com.LionMGT.LionStoreTests;
				PRODUCT_NAME = "$(TARGET_NAME)";
				SWIFT_EMIT_LOC_STRINGS = NO;
				SWIFT_VERSION = 5.0;
				TARGETED_DEVICE_FAMILY = "1,2";
				TEST_HOST = "$(BUILT_PRODUCTS_DIR)/LionStore.app/LionStore";
			};
			name = Release;
		};
		DB51F8FF28C7AE3B002D6A35 /* Debug */ = {
			isa = XCBuildConfiguration;
			buildSettings = {
				ALWAYS_EMBED_SWIFT_STANDARD_LIBRARIES = YES;
				CODE_SIGN_STYLE = Automatic;
				CURRENT_PROJECT_VERSION = 1;
				DEVELOPMENT_TEAM = 5GQA38WHMY;
				GENERATE_INFOPLIST_FILE = YES;
				MARKETING_VERSION = 1.0;
				PRODUCT_BUNDLE_IDENTIFIER = com.LionMGT.LionStoreUITests;
				PRODUCT_NAME = "$(TARGET_NAME)";
				SWIFT_EMIT_LOC_STRINGS = NO;
				SWIFT_VERSION = 5.0;
				TARGETED_DEVICE_FAMILY = "1,2";
				TEST_TARGET_NAME = LionStore;
			};
			name = Debug;
		};
		DB51F90028C7AE3B002D6A35 /* Release */ = {
			isa = XCBuildConfiguration;
			buildSettings = {
				ALWAYS_EMBED_SWIFT_STANDARD_LIBRARIES = YES;
				CODE_SIGN_STYLE = Automatic;
				CURRENT_PROJECT_VERSION = 1;
				DEVELOPMENT_TEAM = 5GQA38WHMY;
				GENERATE_INFOPLIST_FILE = YES;
				MARKETING_VERSION = 1.0;
				PRODUCT_BUNDLE_IDENTIFIER = com.LionMGT.LionStoreUITests;
				PRODUCT_NAME = "$(TARGET_NAME)";
				SWIFT_EMIT_LOC_STRINGS = NO;
				SWIFT_VERSION = 5.0;
				TARGETED_DEVICE_FAMILY = "1,2";
				TEST_TARGET_NAME = LionStore;
			};
			name = Release;
		};
/* End XCBuildConfiguration section */

/* Begin XCConfigurationList section */
		DB51F8CF28C7AE3B002D6A35 /* Build configuration list for PBXProject "LionStore" */ = {
			isa = XCConfigurationList;
			buildConfigurations = (
				DB51F8F628C7AE3B002D6A35 /* Debug */,
				DB51F8F728C7AE3B002D6A35 /* Release */,
			);
			defaultConfigurationIsVisible = 0;
			defaultConfigurationName = Release;
		};
		DB51F8F828C7AE3B002D6A35 /* Build configuration list for PBXNativeTarget "LionStore" */ = {
			isa = XCConfigurationList;
			buildConfigurations = (
				DB51F8F928C7AE3B002D6A35 /* Debug */,
				DB51F8FA28C7AE3B002D6A35 /* Release */,
			);
			defaultConfigurationIsVisible = 0;
			defaultConfigurationName = Release;
		};
		DB51F8FB28C7AE3B002D6A35 /* Build configuration list for PBXNativeTarget "LionStoreTests" */ = {
			isa = XCConfigurationList;
			buildConfigurations = (
				DB51F8FC28C7AE3B002D6A35 /* Debug */,
				DB51F8FD28C7AE3B002D6A35 /* Release */,
			);
			defaultConfigurationIsVisible = 0;
			defaultConfigurationName = Release;
		};
		DB51F8FE28C7AE3B002D6A35 /* Build configuration list for PBXNativeTarget "LionStoreUITests" */ = {
			isa = XCConfigurationList;
			buildConfigurations = (
				DB51F8FF28C7AE3B002D6A35 /* Debug */,
				DB51F90028C7AE3B002D6A35 /* Release */,
			);
			defaultConfigurationIsVisible = 0;
			defaultConfigurationName = Release;
		};
/* End XCConfigurationList section */
	};
	rootObject = DB51F8CC28C7AE3B002D6A35 /* Project object */;
}
